
Microsoft Visual Studio Solution File, Format Version 12.00
# Visual Studio 2013
VisualStudioVersion = 12.0.31101.0
MinimumVisualStudioVersion = 10.0.40219.1
Project("{FAE04EC0-301F-11D3-BF4B-00C04F79EFBC}") = "MfGames.Culture", "MfGames.Culture\MfGames.Culture.csproj", "{FF910290-149C-4A3C-B64C-6CCF1C7ACDE1}"
EndProject
Project("{FAE04EC0-301F-11D3-BF4B-00C04F79EFBC}") = "MfGames.Culture.Tests", "MfGames.Culture.Tests\MfGames.Culture.Tests.csproj", "{EF68DB4A-140F-488C-BD56-149A82141D98}"
EndProject
Global
	GlobalSection(SolutionConfigurationPlatforms) = preSolution
		Debug|Any CPU = Debug|Any CPU
		Release (net40)|Any CPU = Release (net40)|Any CPU
		Release (net45)|Any CPU = Release (net45)|Any CPU
	EndGlobalSection
	GlobalSection(ProjectConfigurationPlatforms) = postSolution
		{FF910290-149C-4A3C-B64C-6CCF1C7ACDE1}.Debug|Any CPU.ActiveCfg = Release (net45)|Any CPU
		{FF910290-149C-4A3C-B64C-6CCF1C7ACDE1}.Debug|Any CPU.Build.0 = Release (net45)|Any CPU
		{FF910290-149C-4A3C-B64C-6CCF1C7ACDE1}.Release (net40)|Any CPU.ActiveCfg = Release (net40)|Any CPU
		{FF910290-149C-4A3C-B64C-6CCF1C7ACDE1}.Release (net40)|Any CPU.Build.0 = Release (net40)|Any CPU
		{FF910290-149C-4A3C-B64C-6CCF1C7ACDE1}.Release (net45)|Any CPU.ActiveCfg = Release (net45)|Any CPU
		{FF910290-149C-4A3C-B64C-6CCF1C7ACDE1}.Release (net45)|Any CPU.Build.0 = Release (net45)|Any CPU
		{EF68DB4A-140F-488C-BD56-149A82141D98}.Debug|Any CPU.ActiveCfg = Release (net45)|Any CPU
		{EF68DB4A-140F-488C-BD56-149A82141D98}.Debug|Any CPU.Build.0 = Release (net45)|Any CPU
		{EF68DB4A-140F-488C-BD56-149A82141D98}.Release (net40)|Any CPU.ActiveCfg = Release (net40)|Any CPU
		{EF68DB4A-140F-488C-BD56-149A82141D98}.Release (net40)|Any CPU.Build.0 = Release (net40)|Any CPU
		{EF68DB4A-140F-488C-BD56-149A82141D98}.Release (net45)|Any CPU.ActiveCfg = Release (net45)|Any CPU
		{EF68DB4A-140F-488C-BD56-149A82141D98}.Release (net45)|Any CPU.Build.0 = Release (net45)|Any CPU
	EndGlobalSection
	GlobalSection(SolutionProperties) = preSolution
		HideSolutionNode = FALSE
	EndGlobalSection
EndGlobal
