
Microsoft Visual Studio Solution File, Format Version 12.00
# Visual Studio 2013
VisualStudioVersion = 12.0.31101.0
MinimumVisualStudioVersion = 10.0.40219.1
Project("{FAE04EC0-301F-11D3-BF4B-00C04F79EFBC}") = "MfGames.Culture.Tests", "MfGames.Culture.Tests\MfGames.Culture.Tests.csproj", "{EF68DB4A-140F-488C-BD56-149A82141D98}"
EndProject
Project("{FAE04EC0-301F-11D3-BF4B-00C04F79EFBC}") = "MfGames.Culture.NET45", "MfGames.Culture\MfGames.Culture.NET45.csproj", "{BB082F66-000E-4BFF-BC42-5CCDA5CE3F4A}"
EndProject
Global
	GlobalSection(SolutionConfigurationPlatforms) = preSolution
		Debug|Any CPU = Debug|Any CPU
		Release (net40)|Any CPU = Release (net40)|Any CPU
		Release (net45)|Any CPU = Release (net45)|Any CPU
	EndGlobalSection
	GlobalSection(ProjectConfigurationPlatforms) = postSolution
		{EF68DB4A-140F-488C-BD56-149A82141D98}.Debug|Any CPU.ActiveCfg = Debug|Any CPU
		{EF68DB4A-140F-488C-BD56-149A82141D98}.Debug|Any CPU.Build.0 = Debug|Any CPU
		{EF68DB4A-140F-488C-BD56-149A82141D98}.Release (net40)|Any CPU.ActiveCfg = Release|Any CPU
		{EF68DB4A-140F-488C-BD56-149A82141D98}.Release (net40)|Any CPU.Build.0 = Release|Any CPU
		{EF68DB4A-140F-488C-BD56-149A82141D98}.Release (net45)|Any CPU.ActiveCfg = Release|Any CPU
		{EF68DB4A-140F-488C-BD56-149A82141D98}.Release (net45)|Any CPU.Build.0 = Release|Any CPU
		{BB082F66-000E-4BFF-BC42-5CCDA5CE3F4A}.Debug|Any CPU.ActiveCfg = Debug|Any CPU
		{BB082F66-000E-4BFF-BC42-5CCDA5CE3F4A}.Debug|Any CPU.Build.0 = Debug|Any CPU
		{BB082F66-000E-4BFF-BC42-5CCDA5CE3F4A}.Release (net40)|Any CPU.ActiveCfg = Release|Any CPU
		{BB082F66-000E-4BFF-BC42-5CCDA5CE3F4A}.Release (net40)|Any CPU.Build.0 = Release|Any CPU
		{BB082F66-000E-4BFF-BC42-5CCDA5CE3F4A}.Release (net45)|Any CPU.ActiveCfg = Release|Any CPU
		{BB082F66-000E-4BFF-BC42-5CCDA5CE3F4A}.Release (net45)|Any CPU.Build.0 = Release|Any CPU
	EndGlobalSection
	GlobalSection(SolutionProperties) = preSolution
		HideSolutionNode = FALSE
	EndGlobalSection
EndGlobal
